<?xml version="1.0" encoding="utf-8"?>
<Project ToolsVersion="4.0" xmlns="http://schemas.microsoft.com/developer/msbuild/2003">
  <ItemGroup>
    <Filter Include="Source Files">
      <UniqueIdentifier>{4FC737F1-C7A5-4376-A066-2A32D752A2FF}</UniqueIdentifier>
      <Extensions>cpp;c;cc;cxx;def;odl;idl;hpj;bat;asm;asmx</Extensions>
    </Filter>
    <Filter Include="Header Files">
      <UniqueIdentifier>{93995380-89BD-4b04-88EB-625FBE52EBFB}</UniqueIdentifier>
      <Extensions>h;hh;hpp;hxx;hm;inl;inc;xsd</Extensions>
    </Filter>
    <Filter Include="Resource Files">
      <UniqueIdentifier>{67DA6AB6-F800-4c08-8B7A-83BB121AAD01}</UniqueIdentifier>
      <Extensions>rc;ico;cur;bmp;dlg;rc2;rct;bin;rgs;gif;jpg;jpeg;jpe;resx;tiff;tif;png;wav;mfcribbon-ms</Extensions>
    </Filter>
    <Filter Include="Source Files\Shapes">
      <UniqueIdentifier>{adb09498-75c1-44a6-ac3a-839ed438afe3}</UniqueIdentifier>
    </Filter>
    <Filter Include="Header Files\Shapes">
      <UniqueIdentifier>{d150df39-97a4-442a-8f91-09f79be3a07a}</UniqueIdentifier>
    </Filter>
    <Filter Include="Header Files\System Components">
      <UniqueIdentifier>{e80056c4-7bf0-4c06-b62e-2c182618c5e7}</UniqueIdentifier>
    </Filter>
    <Filter Include="Source Files\System Components">
      <UniqueIdentifier>{3efaac56-9c41-4487-8728-d07856580cbf}</UniqueIdentifier>
    </Filter>
    <Filter Include="Header Files\Entity Components">
      <UniqueIdentifier>{d3809902-10ce-477b-9f25-c21f00b8a150}</UniqueIdentifier>
    </Filter>
    <Filter Include="Source Files\Entity Components">
      <UniqueIdentifier>{7689ab14-2cc4-48df-90ed-802993b39a08}</UniqueIdentifier>
    </Filter>
    <Filter Include="Header Files\GLComponents">
      <UniqueIdentifier>{4adb229e-a723-4f52-8782-f015aa09efea}</UniqueIdentifier>
    </Filter>
    <Filter Include="Source Files\GLComponents">
      <UniqueIdentifier>{4a6d9200-b642-438b-b792-ea44a460d34f}</UniqueIdentifier>
    </Filter>
    <Filter Include="Header Files\Sub Systems">
      <UniqueIdentifier>{8b90d5ee-eb12-44a7-b167-4a1637b2e857}</UniqueIdentifier>
    </Filter>
    <Filter Include="Source Files\Sub Systems">
      <UniqueIdentifier>{c2e9f6e7-3cf8-4ad6-bdca-f97bdb22f52b}</UniqueIdentifier>
    </Filter>
  </ItemGroup>
  <ItemGroup>
    <ClInclude Include="..\JEngine\Collider.h">
      <Filter>Header Files\Entity Components</Filter>
    </ClInclude>
    <ClInclude Include="..\JEngine\Rigidbody.h">
      <Filter>Header Files\Entity Components</Filter>
    </ClInclude>
    <ClInclude Include="..\JEngine\Transform.h">
      <Filter>Header Files\Entity Components</Filter>
    </ClInclude>
    <ClInclude Include="..\JEngine\Circle.h">
      <Filter>Header Files\Shapes</Filter>
    </ClInclude>
    <ClInclude Include="..\JEngine\ConvexHull2D.h">
      <Filter>Header Files\Shapes</Filter>
    </ClInclude>
    <ClInclude Include="..\JEngine\Ray2D.h">
      <Filter>Header Files\Shapes</Filter>
    </ClInclude>
    <ClInclude Include="..\JEngine\AABB2D.h">
      <Filter>Header Files\Shapes</Filter>
    </ClInclude>
    <ClInclude Include="..\JEngine\Plane2D.h">
      <Filter>Header Files\Shapes</Filter>
    </ClInclude>
    <ClInclude Include="..\JEngine\ComponentData.h">
      <Filter>Header Files\System Components</Filter>
    </ClInclude>
    <ClInclude Include="..\JEngine\Entity.h">
      <Filter>Header Files</Filter>
    </ClInclude>
    <ClInclude Include="..\JEngine\Factory.h">
      <Filter>Header Files\System Components</Filter>
    </ClInclude>
    <ClInclude Include="..\JEngine\System.h">
      <Filter>Header Files</Filter>
    </ClInclude>
    <ClInclude Include="..\JEngine\Window.h">
      <Filter>Header Files\System Components</Filter>
    </ClInclude>
    <ClInclude Include="..\JEngine\Time.h">
      <Filter>Header Files\System Components</Filter>
    </ClInclude>
    <ClInclude Include="..\JEngine\Input.h">
      <Filter>Header Files\System Components</Filter>
    </ClInclude>
    <ClInclude Include="..\JEngine\Health.h">
      <Filter>Header Files\Entity Components</Filter>
    </ClInclude>
    <ClInclude Include="..\JEngine\Mana.h">
      <Filter>Header Files\Entity Components</Filter>
    </ClInclude>
    <ClInclude Include="..\JEngine\Lifetime.h">
      <Filter>Header Files\Entity Components</Filter>
    </ClInclude>
    <ClInclude Include="..\JEngine\PlayerController.h">
      <Filter>Header Files\Entity Components</Filter>
    </ClInclude>
    <ClInclude Include="..\JEngine\Sprite.h">
      <Filter>Header Files\Entity Components</Filter>
    </ClInclude>
    <ClInclude Include="..\JEngine\CollisionDetection.h">
      <Filter>Header Files\Sub Systems</Filter>
    </ClInclude>
    <ClInclude Include="..\JEngine\DynamicCollisionResolution.h">
      <Filter>Header Files\Sub Systems</Filter>
    </ClInclude>
    <ClInclude Include="..\JEngine\StaticCollisionResolution.h">
      <Filter>Header Files\Sub Systems</Filter>
    </ClInclude>
    <ClInclude Include="..\JEngine\RigidbodyDynamics.h">
      <Filter>Header Files\Sub Systems</Filter>
    </ClInclude>
    <ClInclude Include="..\JEngine\Render.h">
      <Filter>Header Files\Sub Systems</Filter>
    </ClInclude>
    <ClInclude Include="..\JEngine\PlayerUpdate.h">
      <Filter>Header Files\Sub Systems</Filter>
    </ClInclude>
    <ClInclude Include="..\JEngine\Shader.h">
      <Filter>Header Files\GLComponents</Filter>
    </ClInclude>
    <ClInclude Include="..\JEngine\Mesh.h">
      <Filter>Header Files\GLComponents</Filter>
    </ClInclude>
    <ClInclude Include="..\JEngine\ShaderLoader.h">
      <Filter>Header Files\GLComponents</Filter>
    </ClInclude>
    <ClInclude Include="..\JEngine\Asset.h">
      <Filter>Header Files\Sub Systems</Filter>
    </ClInclude>
    <ClInclude Include="..\JEngine\Camera.h">
      <Filter>Header Files\Entity Components</Filter>
    </ClInclude>
    <ClInclude Include="..\JEngine\DebugDraw.h">
      <Filter>Header Files\Entity Components</Filter>
    </ClInclude>
    <ClInclude Include="..\JEngine\TriggerCollisionResolution.h">
      <Filter>Header Files\Sub Systems</Filter>
    </ClInclude>
    <ClInclude Include="..\JEngine\HealthSystem.h">
      <Filter>Header Files\Sub Systems</Filter>
    </ClInclude>
    <ClInclude Include="..\JEngine\LifetimeSystem.h">
      <Filter>Header Files\Sub Systems</Filter>
    </ClInclude>
    <ClInclude Include="..\JEngine\ManaSystem.h">
      <Filter>Header Files\Sub Systems</Filter>
    </ClInclude>
  </ItemGroup>
  <ItemGroup>
    <ClCompile Include="..\JEngine\Collider.cpp">
      <Filter>Source Files\Entity Components</Filter>
    </ClCompile>
    <ClCompile Include="..\JEngine\Rigidbody.cpp">
      <Filter>Source Files\Entity Components</Filter>
    </ClCompile>
    <ClCompile Include="..\JEngine\Transform.cpp">
      <Filter>Source Files\Entity Components</Filter>
    </ClCompile>
    <ClCompile Include="..\JEngine\AABB2D.cpp">
      <Filter>Source Files\Shapes</Filter>
    </ClCompile>
    <ClCompile Include="..\JEngine\Circle.cpp">
      <Filter>Source Files\Shapes</Filter>
    </ClCompile>
    <ClCompile Include="..\JEngine\ConvexHull2D.cpp">
      <Filter>Source Files\Shapes</Filter>
    </ClCompile>
    <ClCompile Include="..\JEngine\Ray2D.cpp">
      <Filter>Source Files\Shapes</Filter>
    </ClCompile>
    <ClCompile Include="..\JEngine\Plane2D.cpp">
      <Filter>Source Files\Shapes</Filter>
    </ClCompile>
    <ClCompile Include="..\JEngine\Time.cpp">
      <Filter>Source Files\System Components</Filter>
    </ClCompile>
    <ClCompile Include="..\JEngine\Window.cpp">
      <Filter>Source Files\System Components</Filter>
    </ClCompile>
    <ClCompile Include="..\JEngine\Input.cpp">
      <Filter>Source Files\System Components</Filter>
    </ClCompile>
    <ClCompile Include="..\JEngine\Mesh.cpp">
      <Filter>Source Files\GLComponents</Filter>
    </ClCompile>
    <ClCompile Include="..\JEngine\Shader.cpp">
      <Filter>Source Files\GLComponents</Filter>
    </ClCompile>
    <ClCompile Include="..\JEngine\DebugDraw.cpp">
      <Filter>Source Files</Filter>
    </ClCompile>
    <ClCompile Include="..\JEngine\ShaderLoader.cpp">
      <Filter>Source Files\GLComponents</Filter>
    </ClCompile>
    <ClCompile Include="..\JEngine\Asset.cpp">
      <Filter>Source Files\Sub Systems</Filter>
    </ClCompile>
    <ClCompile Include="..\JEngine\Camera.cpp">
      <Filter>Source Files\Entity Components</Filter>
    </ClCompile>
    <ClCompile Include="..\JEngine\Sprite.cpp">
      <Filter>Source Files\Entity Components</Filter>
    </ClCompile>
  </ItemGroup>
</Project>