<?xml version="1.0" encoding="utf-8"?>
<Project ToolsVersion="4.0" xmlns="http://schemas.microsoft.com/developer/msbuild/2003">
  <ItemGroup>
    <Filter Include="Source Files">
      <UniqueIdentifier>{4FC737F1-C7A5-4376-A066-2A32D752A2FF}</UniqueIdentifier>
      <Extensions>cpp;c;cc;cxx;def;odl;idl;hpj;bat;asm;asmx</Extensions>
    </Filter>
    <Filter Include="Header Files">
      <UniqueIdentifier>{93995380-89BD-4b04-88EB-625FBE52EBFB}</UniqueIdentifier>
      <Extensions>h;hh;hpp;hxx;hm;inl;inc;xsd</Extensions>
    </Filter>
    <Filter Include="Resource Files">
      <UniqueIdentifier>{67DA6AB6-F800-4c08-8B7A-83BB121AAD01}</UniqueIdentifier>
      <Extensions>rc;ico;cur;bmp;dlg;rc2;rct;bin;rgs;gif;jpg;jpeg;jpe;resx;tiff;tif;png;wav;mfcribbon-ms</Extensions>
    </Filter>
    <Filter Include="Header Files\Vectors">
      <UniqueIdentifier>{e8b14121-3c07-4100-a80d-b355e27dde9c}</UniqueIdentifier>
    </Filter>
    <Filter Include="Header Files\Matrices">
      <UniqueIdentifier>{2d20698c-5534-49ec-a11e-c55a4990434e}</UniqueIdentifier>
    </Filter>
    <Filter Include="Source Files\Matrices">
      <UniqueIdentifier>{0bcad527-6d6e-439e-96c0-fbbf5f9962e5}</UniqueIdentifier>
    </Filter>
    <Filter Include="Source Files\Vectors">
      <UniqueIdentifier>{f0af18e0-d911-4e37-ba40-87490cae95c8}</UniqueIdentifier>
    </Filter>
  </ItemGroup>
  <ItemGroup>
    <ClCompile Include="..\JMath\JMath.cpp">
      <Filter>Source Files</Filter>
    </ClCompile>
    <ClCompile Include="..\JMath\Matrix2.cpp">
      <Filter>Source Files\Matrices</Filter>
    </ClCompile>
    <ClCompile Include="..\JMath\Matrix3.cpp">
      <Filter>Source Files\Matrices</Filter>
    </ClCompile>
    <ClCompile Include="..\JMath\Matrix4.cpp">
      <Filter>Source Files\Matrices</Filter>
    </ClCompile>
    <ClCompile Include="..\JMath\Vector2.cpp">
      <Filter>Source Files\Vectors</Filter>
    </ClCompile>
    <ClCompile Include="..\JMath\Vector3.cpp">
      <Filter>Source Files\Vectors</Filter>
    </ClCompile>
    <ClCompile Include="..\JMath\Vector4.cpp">
      <Filter>Source Files\Vectors</Filter>
    </ClCompile>
  </ItemGroup>
  <ItemGroup>
    <ClInclude Include="..\JMath\JMath.h">
      <Filter>Header Files</Filter>
    </ClInclude>
    <ClInclude Include="..\JMath\Matrix2.h">
      <Filter>Header Files\Matrices</Filter>
    </ClInclude>
    <ClInclude Include="..\JMath\Matrix3.h">
      <Filter>Header Files\Matrices</Filter>
    </ClInclude>
    <ClInclude Include="..\JMath\Matrix4.h">
      <Filter>Header Files\Matrices</Filter>
    </ClInclude>
    <ClInclude Include="..\JMath\Vector2.h">
      <Filter>Header Files\Vectors</Filter>
    </ClInclude>
    <ClInclude Include="..\JMath\Vector3.h">
      <Filter>Header Files\Vectors</Filter>
    </ClInclude>
    <ClInclude Include="..\JMath\Vector4.h">
      <Filter>Header Files\Vectors</Filter>
    </ClInclude>
  </ItemGroup>
</Project>